
Microsoft Visual Studio Solution File, Format Version 12.00
# Visual Studio Version 16
VisualStudioVersion = 25.0.1706.7
MinimumVisualStudioVersion = 10.0.40219.1
Project("{FAE04EC0-301F-11D3-BF4B-00C04F79EFBC}") = "OnlineStore", "OnlineStore\OnlineStore.csproj", "{72F3FBCD-7E27-401A-BD81-E0D24A38BA91}"
EndProject
Project("{FAE04EC0-301F-11D3-BF4B-00C04F79EFBC}") = "OnlineStore.Domain", "OnlineStore.Domain\OnlineStore.Domain.csproj", "{5DD3E82D-9126-4103-8472-0431DBAD2A54}"
EndProject
Project("{FAE04EC0-301F-11D3-BF4B-00C04F79EFBC}") = "OnlineStore.Application", "OnlineStore.Application\OnlineStore.Application.csproj", "{8847DB48-43DA-478B-8F8E-7140FC261844}"
EndProject
Project("{FAE04EC0-301F-11D3-BF4B-00C04F79EFBC}") = "OnlineStore.Infrastructure", "OnlineStore.Infrastructure\OnlineStore.Infrastructure.csproj", "{EB9F5B2F-1083-45BA-B419-02976D7C4251}"
EndProject
Project("{2150E333-8FDC-42A3-9474-1A3956D46DE8}") = "Tests", "Tests", "{CB7FD819-1FFF-4F2C-86A3-9C3ACF08F9AB}"
EndProject
Project("{FAE04EC0-301F-11D3-BF4B-00C04F79EFBC}") = "OnlineStore.Application.Test", "tOnlineStore.Application.Test\OnlineStore.Application.Test.csproj", "{44895C9A-21C7-4BB0-8029-2E9098DDFA59}"
EndProject
Global
	GlobalSection(SolutionConfigurationPlatforms) = preSolution
		Debug|Any CPU = Debug|Any CPU
		Release|Any CPU = Release|Any CPU
	EndGlobalSection
	GlobalSection(ProjectConfigurationPlatforms) = postSolution
		{72F3FBCD-7E27-401A-BD81-E0D24A38BA91}.Debug|Any CPU.ActiveCfg = Debug|Any CPU
		{72F3FBCD-7E27-401A-BD81-E0D24A38BA91}.Debug|Any CPU.Build.0 = Debug|Any CPU
		{72F3FBCD-7E27-401A-BD81-E0D24A38BA91}.Release|Any CPU.ActiveCfg = Release|Any CPU
		{72F3FBCD-7E27-401A-BD81-E0D24A38BA91}.Release|Any CPU.Build.0 = Release|Any CPU
		{5DD3E82D-9126-4103-8472-0431DBAD2A54}.Debug|Any CPU.ActiveCfg = Debug|Any CPU
		{5DD3E82D-9126-4103-8472-0431DBAD2A54}.Debug|Any CPU.Build.0 = Debug|Any CPU
		{5DD3E82D-9126-4103-8472-0431DBAD2A54}.Release|Any CPU.ActiveCfg = Release|Any CPU
		{5DD3E82D-9126-4103-8472-0431DBAD2A54}.Release|Any CPU.Build.0 = Release|Any CPU
		{8847DB48-43DA-478B-8F8E-7140FC261844}.Debug|Any CPU.ActiveCfg = Debug|Any CPU
		{8847DB48-43DA-478B-8F8E-7140FC261844}.Debug|Any CPU.Build.0 = Debug|Any CPU
		{8847DB48-43DA-478B-8F8E-7140FC261844}.Release|Any CPU.ActiveCfg = Release|Any CPU
		{8847DB48-43DA-478B-8F8E-7140FC261844}.Release|Any CPU.Build.0 = Release|Any CPU
		{EB9F5B2F-1083-45BA-B419-02976D7C4251}.Debug|Any CPU.ActiveCfg = Debug|Any CPU
		{EB9F5B2F-1083-45BA-B419-02976D7C4251}.Debug|Any CPU.Build.0 = Debug|Any CPU
		{EB9F5B2F-1083-45BA-B419-02976D7C4251}.Release|Any CPU.ActiveCfg = Release|Any CPU
		{EB9F5B2F-1083-45BA-B419-02976D7C4251}.Release|Any CPU.Build.0 = Release|Any CPU
		{44895C9A-21C7-4BB0-8029-2E9098DDFA59}.Debug|Any CPU.ActiveCfg = Debug|Any CPU
		{44895C9A-21C7-4BB0-8029-2E9098DDFA59}.Debug|Any CPU.Build.0 = Debug|Any CPU
		{44895C9A-21C7-4BB0-8029-2E9098DDFA59}.Release|Any CPU.ActiveCfg = Release|Any CPU
		{44895C9A-21C7-4BB0-8029-2E9098DDFA59}.Release|Any CPU.Build.0 = Release|Any CPU
	EndGlobalSection
	GlobalSection(SolutionProperties) = preSolution
		HideSolutionNode = FALSE
	EndGlobalSection
	GlobalSection(ExtensibilityGlobals) = postSolution
		SolutionGuid = {CB2A091D-2837-4E97-89CF-15CBF0230AB2}
	EndGlobalSection
	GlobalSection(NestedProjects) = preSolution
		{44895C9A-21C7-4BB0-8029-2E9098DDFA59} = {CB7FD819-1FFF-4F2C-86A3-9C3ACF08F9AB}
	EndGlobalSection
EndGlobal
